github.com/andybalholm/brotli v1.0.1 h1:KqhlKozYbRtJvsPrrEeXcO+N2l6NYT5A2QAFmSULpEc=
github.com/andybalholm/brotli v1.0.1/go.mod h1:loMXtMfwqflxFJPmdbJO0a3KNoPuLBgiu3qAvBg8x/Y=
github.com/kardianos/osext v0.0.0-20190222173326-2bc1f35cddc0 h1:iQTw/8FWTuc7uiaSepXwyf3o52HaUYcV+Tu66S3F5GA=
github.com/kardianos/osext v0.0.0-20190222173326-2bc1f35cddc0/go.mod h1:1NbS8ALrpOvjt0rHPNLyCIeMtbizbir8U//inJ+zuB8=
github.com/robfig/cron v1.2.0/go.mod h1:JGuDeoQd7Z6yL4zQhZ3OPEVHB7fL6Ka6skscFHfmt2k=
github.com/takama/daemon v1.0.0 h1:XS3VLnFKmqw2Z7fQ/dHRarrVjdir9G3z7BEP8osjizQ=
github.com/takama/daemon v1.0.0/go.mod h1:gKlhcjbqtBODg5v9H1nj5dU1a2j2GemtuWSNLD5rxOE=
github.com/zdypro888/crash v0.0.0-20201024053043-5c61911cef88 h1:dCZAK4Ke7ZkFFxDSCl2YCXB6VKywuMxUgZRcab9MGj4=
github.com/zdypro888/crash v0.0.0-20201024053043-5c61911cef88/go.mod h1:/kJ1YlLgovXvP8yOJZ6bypycRpRTgdgDA4UvV9GdCLM=
github.com/zdypro888/daemon v0.1.0 h1:hq6S5fHKaOTbRZbxC+swztNHrsZyMJIKMWgQ+w3WBwY=
github.com/zdypro888/daemon v0.1.0/go.mod h1:fiLVV6vEy0xHGHnLIkUBmu9COZPpzwyF4WGilxzePKY=
github.com/zdypro888/go-socks5 v0.0.1 h1:9KXMKln7H+qzlI+unsF6zGic73ZvdbiJtt3grfnnb8o=
github.com/zdypro888/go-socks5 v0.0.1/go.mod h1:65H1IbJHjT7jH0pNryzpYQPL9XDlQlL/Vt3dkUD1HRQ=
github.com/zdypro888/net v1.0.0 h1:M6WicKixzkvYA1jgl/SPkMoCJqWYBh5q8wTMnsiFn98=
github.com/zdypro888/net v1.0.0/go.mod h1:eFEV2jFJ7SGbJsTW98fKC6KYzXIFmY0RUABhtJkYU2o=
github.com/zdypro888/utils v0.0.0-20201024062924-ef98c7e6c65f h1:RXzNVjqhY32Br1Fsg8k6h8BcMISJgmhxfsNxDFZkIQ4=
github.com/zdypro888/utils v0.0.0-20201024062924-ef98c7e6c65f/go.mod h1:K9N75UGrDTLo1yXrI3oG5xW22qc+6iEzY8fhljDhpoI=
github.com/zdypro888/utils v1.0.0 h1:ets3FB3Hg8BeIdpXy+9RB8oIXRA/jqCv2JOAWS4lF6U=
github.com/zdypro888/utils v1.0.0/go.mod h1:K9N75UGrDTLo1yXrI3oG5xW22qc+6iEzY8fhljDhpoI=
golang.org/x/crypto v0.0.0-20190308221718-c2843e01d9a2/go.mod h1:djNgcEr1/C05ACkg1iLfiJU5Ep61QUkGW8qpdssI0+w=
golang.org/x/crypto v0.0.0-20200622213623-75b288015ac9/go.mod h1:LzIPMQfyMNhhGPhUkYOs5KpL4U8rLKemX1yGLhDgUto=
golang.org/x/net v0.0.0-20190404232315-eb5bcb51f2a3/go.mod h1:t9HGtf8HONx5eT2rtn7q6eTqICYqUVnKs3thJo3Qplg=
golang.org/x/net v0.0.0-20201110031124-69a78807bb2b h1:uwuIcX0g4Yl1NC5XAz37xsr2lTtcqevgzYNVt49waME=
golang.org/x/net v0.0.0-20201110031124-69a78807bb2b/go.mod h1:sp8m0HH+o8qH0wwXwYZr8TS3Oi6o0r6Gce1SSxlDquU=
golang.org/x/net v0.0.0-20201224014010-6772e930b67b h1:iFwSg7t5GZmB/Q5TjiEAsdoLDrdJRC1RiF2WhuV29Qw=
golang.org/x/net v0.0.0-20201224014010-6772e930b67b/go.mod h1:m0MpNAwzfU5UDzcl9v0D8zg8gWTRqZa9RBIspLL5mdg=
golang.org/x/sys v0.0.0-20190215142949-d0b11bdaac8a/go.mod h1:STP8DvDyc/dI5b8T5hshtkjS+E42TnysNCUPdjciGhY=
golang.org/x/sys v0.0.0-20190412213103-97732733099d/go.mod h1:h1NjWce9XRLGQEsW7wpKNCjG9DtNlClVuFLEZdDNbEs=
golang.org/x/sys v0.0.0-20200722175500-76b94024e4b6/go.mod h1:h1NjWce9XRLGQEsW7wpKNCjG9DtNlClVuFLEZdDNbEs=
golang.org/x/sys v0.0.0-20200930185726-fdedc70b468f h1:+Nyd8tzPX9R7BWHguqsrbFdRx3WQ/1ib8I44HXV5yTA=
golang.org/x/sys v0.0.0-20200930185726-fdedc70b468f/go.mod h1:h1NjWce9XRLGQEsW7wpKNCjG9DtNlClVuFLEZdDNbEs=
golang.org/x/sys v0.0.0-20201119102817-f84b799fce68/go.mod h1:h1NjWce9XRLGQEsW7wpKNCjG9DtNlClVuFLEZdDNbEs=
golang.org/x/sys v0.0.0-20210104204734-6f8348627aad h1:MCsdmFSdEd4UEa5TKS5JztCRHK/WtvNei1edOj5RSRo=
golang.org/x/sys v0.0.0-20210104204734-6f8348627aad/go.mod h1:h1NjWce9XRLGQEsW7wpKNCjG9DtNlClVuFLEZdDNbEs=
golang.org/x/term v0.0.0-20201126162022-7de9c90e9dd1/go.mod h1:bj7SfCRtBDWHUb9snDiAeCFNEtKQo2Wmx5Cou7ajbmo=
golang.org/x/text v0.3.0/go.mod h1:NqM8EUOU14njkJ3fqMW+pc6Ldnwhi/IjpwHt7yyuwOQ=
golang.org/x/text v0.3.3 h1:cokOdA+Jmi5PJGXLlLllQSgYigAEfHXJAERHVMaCc2k=
golang.org/x/text v0.3.3/go.mod h1:5Zoc/QRtKVWzQhOtBMvqHzDpF6irO9z98xDceosuGiQ=
golang.org/x/text v0.3.4 h1:0YWbFKbhXG/wIiuHDSKpS0Iy7FSA+u45VtBMfQcFTTc=
golang.org/x/text v0.3.4/go.mod h1:5Zoc/QRtKVWzQhOtBMvqHzDpF6irO9z98xDceosuGiQ=
golang.org/x/tools v0.0.0-20180917221912-90fa682c2a6e/go.mod h1:n7NCudcB/nEzxVGmLbDWY5pfWTLqBcC2KZ6jyYvM4mQ=
